PODS:
  - SwiftFormat/CLI (0.39.5)
  - SwiftLint (0.39.2)

DEPENDENCIES:
  - SwiftFormat/CLI (~> 0.39.0)
  - SwiftLint (~> 0.30)

SPEC REPOS:
  trunk:
    - SwiftFormat
    - SwiftLint

SPEC CHECKSUMS:
  SwiftFormat: 082b6ee68dbf8ba1bee9e8cd508ddb094f535fbb
  SwiftLint: 22ccbbe3b8008684be5955693bab135e0ed6a447

PODFILE CHECKSUM: c74227cd5b23d96d1715ad45309d9114b291f4e0

COCOAPODS: 1.8.4
